
Microsoft Visual Studio Solution File, Format Version 12.00
# Visual Studio Version 16
VisualStudioVersion = 16.0.31025.194
MinimumVisualStudioVersion = 10.0.40219.1
Project("{FAE04EC0-301F-11D3-BF4B-00C04F79EFBC}") = "GuessWhoIam", "GuessWhoIam\GuessWhoIam.csproj", "{154B196D-FFE1-43AD-BCD8-3A2218B790B9}"
EndProject
Global
	GlobalSection(SolutionConfigurationPlatforms) = preSolution
		Debug|Any CPU = Debug|Any CPU
		Release|Any CPU = Release|Any CPU
	EndGlobalSection
	GlobalSection(ProjectConfigurationPlatforms) = postSolution
		{154B196D-FFE1-43AD-BCD8-3A2218B790B9}.Debug|Any CPU.ActiveCfg = Debug|Any CPU
		{154B196D-FFE1-43AD-BCD8-3A2218B790B9}.Debug|Any CPU.Build.0 = Debug|Any CPU
		{154B196D-FFE1-43AD-BCD8-3A2218B790B9}.Release|Any CPU.ActiveCfg = Release|Any CPU
		{154B196D-FFE1-43AD-BCD8-3A2218B790B9}.Release|Any CPU.Build.0 = Release|Any CPU
	EndGlobalSection
	GlobalSection(SolutionProperties) = preSolution
		HideSolutionNode = FALSE
	EndGlobalSection
	GlobalSection(ExtensibilityGlobals) = postSolution
		SolutionGuid = {1CA6EF04-48F8-43A1-BD18-2F3651BFE8E7}
	EndGlobalSection
EndGlobal
